
Microsoft Visual Studio Solution File, Format Version 12.00
# Visual Studio 15
VisualStudioVersion = 15.0.28307.1022
MinimumVisualStudioVersion = 10.0.40219.1
Project("{FAE04EC0-301F-11D3-BF4B-00C04F79EFBC}") = "CS_Step138", "CS_Step138\CS_Step138.csproj", "{B54B0702-1364-4FD5-A7D2-1853724946F9}"
EndProject
Global
	GlobalSection(SolutionConfigurationPlatforms) = preSolution
		Debug|Any CPU = Debug|Any CPU
		Release|Any CPU = Release|Any CPU
	EndGlobalSection
	GlobalSection(ProjectConfigurationPlatforms) = postSolution
		{B54B0702-1364-4FD5-A7D2-1853724946F9}.Debug|Any CPU.ActiveCfg = Debug|Any CPU
		{B54B0702-1364-4FD5-A7D2-1853724946F9}.Debug|Any CPU.Build.0 = Debug|Any CPU
		{B54B0702-1364-4FD5-A7D2-1853724946F9}.Release|Any CPU.ActiveCfg = Release|Any CPU
		{B54B0702-1364-4FD5-A7D2-1853724946F9}.Release|Any CPU.Build.0 = Release|Any CPU
	EndGlobalSection
	GlobalSection(SolutionProperties) = preSolution
		HideSolutionNode = FALSE
	EndGlobalSection
	GlobalSection(ExtensibilityGlobals) = postSolution
		SolutionGuid = {F257A04F-1871-426F-B83D-91E2A396AB52}
	EndGlobalSection
EndGlobal
